
Microsoft Visual Studio Solution File, Format Version 12.00
# Visual Studio Version 17
VisualStudioVersion = 17.3.32811.315
MinimumVisualStudioVersion = 10.0.40219.1
Project("{FAE04EC0-301F-11D3-BF4B-00C04F79EFBC}") = "Swapping_W_WO", "Swapping_W_WO.csproj", "{26139005-E530-413C-847A-B88BEE4C9808}"
EndProject
Global
	GlobalSection(SolutionConfigurationPlatforms) = preSolution
		Debug|Any CPU = Debug|Any CPU
		Release|Any CPU = Release|Any CPU
	EndGlobalSection
	GlobalSection(ProjectConfigurationPlatforms) = postSolution
		{26139005-E530-413C-847A-B88BEE4C9808}.Debug|Any CPU.ActiveCfg = Debug|Any CPU
		{26139005-E530-413C-847A-B88BEE4C9808}.Debug|Any CPU.Build.0 = Debug|Any CPU
		{26139005-E530-413C-847A-B88BEE4C9808}.Release|Any CPU.ActiveCfg = Release|Any CPU
		{26139005-E530-413C-847A-B88BEE4C9808}.Release|Any CPU.Build.0 = Release|Any CPU
	EndGlobalSection
	GlobalSection(SolutionProperties) = preSolution
		HideSolutionNode = FALSE
	EndGlobalSection
	GlobalSection(ExtensibilityGlobals) = postSolution
		SolutionGuid = {E68C2486-7030-4194-B0B2-465F6843D983}
	EndGlobalSection
EndGlobal
